
Microsoft Visual Studio Solution File, Format Version 12.00
# Visual Studio 15
VisualStudioVersion = 15.0.27703.2035
MinimumVisualStudioVersion = 10.0.40219.1
Project("{9A19103F-16F7-4668-BE54-9A1E7A4F7556}") = "LMS.Data", "LMS.Data\LMS.Data.csproj", "{6918C9A5-F91B-4406-A0A7-D3AA1E8468E9}"
EndProject
Project("{9A19103F-16F7-4668-BE54-9A1E7A4F7556}") = "LMS.Business", "LMS.Business\LMS.Business.csproj", "{6820325C-04A8-4296-BC24-8CBC4769C73C}"
EndProject
Project("{9A19103F-16F7-4668-BE54-9A1E7A4F7556}") = "LMS.Interfaces", "LMS.Interfaces\LMS.Interfaces.csproj", "{505B34B5-0AFD-4F5B-923D-93CAB4345049}"
EndProject
Project("{9A19103F-16F7-4668-BE54-9A1E7A4F7556}") = "LMS.Bootstrap", "LMS.Bootstrap\LMS.Bootstrap.csproj", "{6DBF915A-BBF5-4845-B370-DECD006D8384}"
EndProject
Project("{9A19103F-16F7-4668-BE54-9A1E7A4F7556}") = "LMS.Test", "LMS.Test\LMS.Test.csproj", "{1775013C-C51C-4834-B342-D851CEC3B497}"
EndProject
Project("{9A19103F-16F7-4668-BE54-9A1E7A4F7556}") = "LMS.Admin.Web", "LMS.Admin.Web\LMS.Admin.Web.csproj", "{DF676A42-15E4-4DA4-A19B-C5A81C92254E}"
EndProject
Project("{9A19103F-16F7-4668-BE54-9A1E7A4F7556}") = "LMS.Client.Web", "LMS.Client.Web\LMS.Client.Web.csproj", "{788D4B12-F7F6-41B4-91FC-1B78CE0ECCAB}"
EndProject
Project("{FAE04EC0-301F-11D3-BF4B-00C04F79EFBC}") = "LMS.Entities", "LMS.Entities\LMS.Entities.csproj", "{C5E20D79-E31D-4CE4-9444-3970665DDB1A}"
EndProject
Global
	GlobalSection(SolutionConfigurationPlatforms) = preSolution
		Debug|Any CPU = Debug|Any CPU
		Release|Any CPU = Release|Any CPU
	EndGlobalSection
	GlobalSection(ProjectConfigurationPlatforms) = postSolution
		{6918C9A5-F91B-4406-A0A7-D3AA1E8468E9}.Debug|Any CPU.ActiveCfg = Debug|Any CPU
		{6918C9A5-F91B-4406-A0A7-D3AA1E8468E9}.Debug|Any CPU.Build.0 = Debug|Any CPU
		{6918C9A5-F91B-4406-A0A7-D3AA1E8468E9}.Release|Any CPU.ActiveCfg = Release|Any CPU
		{6918C9A5-F91B-4406-A0A7-D3AA1E8468E9}.Release|Any CPU.Build.0 = Release|Any CPU
		{6820325C-04A8-4296-BC24-8CBC4769C73C}.Debug|Any CPU.ActiveCfg = Debug|Any CPU
		{6820325C-04A8-4296-BC24-8CBC4769C73C}.Debug|Any CPU.Build.0 = Debug|Any CPU
		{6820325C-04A8-4296-BC24-8CBC4769C73C}.Release|Any CPU.ActiveCfg = Release|Any CPU
		{6820325C-04A8-4296-BC24-8CBC4769C73C}.Release|Any CPU.Build.0 = Release|Any CPU
		{505B34B5-0AFD-4F5B-923D-93CAB4345049}.Debug|Any CPU.ActiveCfg = Debug|Any CPU
		{505B34B5-0AFD-4F5B-923D-93CAB4345049}.Debug|Any CPU.Build.0 = Debug|Any CPU
		{505B34B5-0AFD-4F5B-923D-93CAB4345049}.Release|Any CPU.ActiveCfg = Release|Any CPU
		{505B34B5-0AFD-4F5B-923D-93CAB4345049}.Release|Any CPU.Build.0 = Release|Any CPU
		{6DBF915A-BBF5-4845-B370-DECD006D8384}.Debug|Any CPU.ActiveCfg = Debug|Any CPU
		{6DBF915A-BBF5-4845-B370-DECD006D8384}.Debug|Any CPU.Build.0 = Debug|Any CPU
		{6DBF915A-BBF5-4845-B370-DECD006D8384}.Release|Any CPU.ActiveCfg = Release|Any CPU
		{6DBF915A-BBF5-4845-B370-DECD006D8384}.Release|Any CPU.Build.0 = Release|Any CPU
		{1775013C-C51C-4834-B342-D851CEC3B497}.Debug|Any CPU.ActiveCfg = Debug|Any CPU
		{1775013C-C51C-4834-B342-D851CEC3B497}.Debug|Any CPU.Build.0 = Debug|Any CPU
		{1775013C-C51C-4834-B342-D851CEC3B497}.Release|Any CPU.ActiveCfg = Release|Any CPU
		{1775013C-C51C-4834-B342-D851CEC3B497}.Release|Any CPU.Build.0 = Release|Any CPU
		{DF676A42-15E4-4DA4-A19B-C5A81C92254E}.Debug|Any CPU.ActiveCfg = Debug|Any CPU
		{DF676A42-15E4-4DA4-A19B-C5A81C92254E}.Debug|Any CPU.Build.0 = Debug|Any CPU
		{DF676A42-15E4-4DA4-A19B-C5A81C92254E}.Release|Any CPU.ActiveCfg = Release|Any CPU
		{DF676A42-15E4-4DA4-A19B-C5A81C92254E}.Release|Any CPU.Build.0 = Release|Any CPU
		{788D4B12-F7F6-41B4-91FC-1B78CE0ECCAB}.Debug|Any CPU.ActiveCfg = Debug|Any CPU
		{788D4B12-F7F6-41B4-91FC-1B78CE0ECCAB}.Debug|Any CPU.Build.0 = Debug|Any CPU
		{788D4B12-F7F6-41B4-91FC-1B78CE0ECCAB}.Release|Any CPU.ActiveCfg = Release|Any CPU
		{788D4B12-F7F6-41B4-91FC-1B78CE0ECCAB}.Release|Any CPU.Build.0 = Release|Any CPU
		{C5E20D79-E31D-4CE4-9444-3970665DDB1A}.Debug|Any CPU.ActiveCfg = Debug|Any CPU
		{C5E20D79-E31D-4CE4-9444-3970665DDB1A}.Debug|Any CPU.Build.0 = Debug|Any CPU
		{C5E20D79-E31D-4CE4-9444-3970665DDB1A}.Release|Any CPU.ActiveCfg = Release|Any CPU
		{C5E20D79-E31D-4CE4-9444-3970665DDB1A}.Release|Any CPU.Build.0 = Release|Any CPU
	EndGlobalSection
	GlobalSection(SolutionProperties) = preSolution
		HideSolutionNode = FALSE
	EndGlobalSection
	GlobalSection(ExtensibilityGlobals) = postSolution
		SolutionGuid = {33A43DA1-E517-4AC8-AB09-6DA67D192656}
	EndGlobalSection
EndGlobal
